
Microsoft Visual Studio Solution File, Format Version 12.00
# Visual Studio Version 16
VisualStudioVersion = 16.0.31105.61
MinimumVisualStudioVersion = 10.0.40219.1
Project("{FAE04EC0-301F-11D3-BF4B-00C04F79EFBC}") = "2019tavinfoismeretek", "2019tavinfoismeretek\2019tavinfoismeretek.csproj", "{73190057-7042-4225-B633-7A906D062903}"
EndProject
Global
	GlobalSection(SolutionConfigurationPlatforms) = preSolution
		Debug|Any CPU = Debug|Any CPU
		Release|Any CPU = Release|Any CPU
	EndGlobalSection
	GlobalSection(ProjectConfigurationPlatforms) = postSolution
		{73190057-7042-4225-B633-7A906D062903}.Debug|Any CPU.ActiveCfg = Debug|Any CPU
		{73190057-7042-4225-B633-7A906D062903}.Debug|Any CPU.Build.0 = Debug|Any CPU
		{73190057-7042-4225-B633-7A906D062903}.Release|Any CPU.ActiveCfg = Release|Any CPU
		{73190057-7042-4225-B633-7A906D062903}.Release|Any CPU.Build.0 = Release|Any CPU
	EndGlobalSection
	GlobalSection(SolutionProperties) = preSolution
		HideSolutionNode = FALSE
	EndGlobalSection
	GlobalSection(ExtensibilityGlobals) = postSolution
		SolutionGuid = {D0682569-05C5-4387-86D7-1D4246726532}
	EndGlobalSection
EndGlobal
